
Microsoft Visual Studio Solution File, Format Version 12.00
# Visual Studio Version 16
VisualStudioVersion = 16.0.28705.295
MinimumVisualStudioVersion = 10.0.40219.1
Project("{FAE04EC0-301F-11D3-BF4B-00C04F79EFBC}") = "DotNextNN.Core", "DotNextNN.Core\DotNextNN.Core.csproj", "{A742BC92-812D-4A5A-A317-745E3F7817DA}"
EndProject
Project("{FAE04EC0-301F-11D3-BF4B-00C04F79EFBC}") = "DotNextNN.ConsoleTest", "DotNextNN.ConsoleTest\DotNextNN.ConsoleTest.csproj", "{CA328454-80E8-4431-9055-7791B6B480B8}"
EndProject
Global
	GlobalSection(SolutionConfigurationPlatforms) = preSolution
		Debug|Any CPU = Debug|Any CPU
		Release|Any CPU = Release|Any CPU
	EndGlobalSection
	GlobalSection(ProjectConfigurationPlatforms) = postSolution
		{CA328454-80E8-4431-9055-7791B6B480B8}.Debug|Any CPU.ActiveCfg = Debug|Any CPU
		{CA328454-80E8-4431-9055-7791B6B480B8}.Debug|Any CPU.Build.0 = Debug|Any CPU
		{CA328454-80E8-4431-9055-7791B6B480B8}.Release|Any CPU.ActiveCfg = Release|Any CPU
		{CA328454-80E8-4431-9055-7791B6B480B8}.Release|Any CPU.Build.0 = Release|Any CPU
		{A742BC92-812D-4A5A-A317-745E3F7817DA}.Debug|Any CPU.ActiveCfg = Debug|Any CPU
		{A742BC92-812D-4A5A-A317-745E3F7817DA}.Debug|Any CPU.Build.0 = Debug|Any CPU
		{A742BC92-812D-4A5A-A317-745E3F7817DA}.Release|Any CPU.ActiveCfg = Release|Any CPU
		{A742BC92-812D-4A5A-A317-745E3F7817DA}.Release|Any CPU.Build.0 = Release|Any CPU
	EndGlobalSection
	GlobalSection(SolutionProperties) = preSolution
		HideSolutionNode = FALSE
	EndGlobalSection
	GlobalSection(ExtensibilityGlobals) = postSolution
		SolutionGuid = {C3F52E70-F634-48C9-9192-9F0676F8392E}
	EndGlobalSection
EndGlobal
